# This file is generated by running "yarn install" inside your project.
# Manual changes might be lost - proceed with caution!

__metadata:
  version: 4

"@tsconfig/node10@npm:^1.0.7":
  version: 1.0.8
  resolution: "@tsconfig/node10@npm:1.0.8"
  checksum: b37609f796cf63caa949ffa14967c184860f248fff3101f01b47df78c798b954260762a04e4e34cf0ef418bca8fe8cb84ff99c113ad22042af1dcd68f9dbed97
  languageName: node
  linkType: hard

"@tsconfig/node12@npm:^1.0.7":
  version: 1.0.8
  resolution: "@tsconfig/node12@npm:1.0.8"
  checksum: 57b753e2ec4c143de3777edcf12cdf5387396d6291d3a89a813db5ac91ffd7273519471328bd92322324f548799ee2f692fce25524ba9dce7332d600235a77ad
  languageName: node
  linkType: hard

"@tsconfig/node14@npm:^1.0.0":
  version: 1.0.1
  resolution: "@tsconfig/node14@npm:1.0.1"
  checksum: c80cb961032b4228adad3128a2c474357183ebb9f1338810feb17419a8866b641f03cee584ca0a30b53b537c2b4f1745e07c96f3bb35ddb00824e6d916466ee7
  languageName: node
  linkType: hard

"@tsconfig/node16@npm:^1.0.1":
  version: 1.0.1
  resolution: "@tsconfig/node16@npm:1.0.1"
  checksum: 2df656d17a0a72554f8966cd8ba49acd8f70c1350f3dab5b0e3dd86303540873908d04d49be50759573dbf5b648a7b0cddc932f758619d0a1da3eaf13826b8cb
  languageName: node
  linkType: hard

"@types/node@npm:^15.12.2":
  version: 15.12.2
  resolution: "@types/node@npm:15.12.2"
  checksum: 8730a2d4533baecf0a3702892def37458f9f55ef0d4eab2ae1ec03dd93608c6336d46b432b45ef644dfd7897d605859d596d3a5aca5d29c3a0f93ade8209bf64
  languageName: node
  linkType: hard

"arg@npm:^4.1.0":
  version: 4.1.3
  resolution: "arg@npm:4.1.3"
  checksum: 1aef85b7cbe94efe7414db36f3ee972320f0e98bf5ca8b1ef0ce4b5d48a0d358f17b75962d428c7b4f46404205ce1ca3cd5fcf2c44f43208f2b1351be8117a1e
  languageName: node
  linkType: hard

"buffer-from@npm:^1.0.0":
  version: 1.1.1
  resolution: "buffer-from@npm:1.1.1"
  checksum: b34c802232998fe342f64398c6bfbcd74c7e3d8115513ccc1c932c8ea0e0a205293847bc69be4c32ed9388ca151f635b005019e0bddbd80a5df34da537d722d6
  languageName: node
  linkType: hard

"create-require@npm:^1.1.0":
  version: 1.1.1
  resolution: "create-require@npm:1.1.1"
  checksum: f65c2f0f64cf03ab72148642e9b19ae075d7d7614343a3fbf9e43253d7e499aa39ab288918c6499ef4d298f21e09f8f1d0fe5e95c39d8b841e9ceb9d64fa1bb1
  languageName: node
  linkType: hard

"diff@npm:^4.0.1":
  version: 4.0.2
  resolution: "diff@npm:4.0.2"
  checksum: 8231aecbbdea8434867bbff2a619aa224706f2a420aa75d3195b010a70ac123c253a6f759c450f9d91d4ac7eb422f818fb97a69ec804d44279a0415b1a4794d0
  languageName: node
  linkType: hard

"make-error@npm:^1.1.1":
  version: 1.3.6
  resolution: "make-error@npm:1.3.6"
  checksum: e45e9bc9cfc037b2df4c3dcfd690e0171ea72955fe7ac878f383452b25f3471512f3886b67214e1a8bd7b06880cda708f3744ba3d027964d7e9e2bbb031606f5
  languageName: node
  linkType: hard

"source-map-support@npm:^0.5.17":
  version: 0.5.19
  resolution: "source-map-support@npm:0.5.19"
  dependencies:
    buffer-from: ^1.0.0
    source-map: ^0.6.0
  checksum: 2c604d5d3edb5963c26a4907a3e174035615498c7534408f9f68712ba423dbc6a179259b5b058208e0d8f9cfa18b5c5f9e4359c0e7848e5cffd9114b527c7797
  languageName: node
  linkType: hard

"source-map@npm:^0.6.0":
  version: 0.6.1
  resolution: "source-map@npm:0.6.1"
  checksum: fa17f30e37dfa8d8065fc98e8c51ae80d7050055f90dbd40e8644269bda04707386180c4c43af7104a29af56109663e994ccbc2cf766af01e915285c7f93cc40
  languageName: node
  linkType: hard

"test-tree@workspace:.":
  version: 0.0.0-use.local
  resolution: "test-tree@workspace:."
  dependencies:
    "@types/node": ^15.12.2
    ts-node: ^10.0.0
    typescript: 4.2
  languageName: unknown
  linkType: soft

"ts-node@npm:^10.0.0":
  version: 10.0.0
  resolution: "ts-node@npm:10.0.0"
  dependencies:
    "@tsconfig/node10": ^1.0.7
    "@tsconfig/node12": ^1.0.7
    "@tsconfig/node14": ^1.0.0
    "@tsconfig/node16": ^1.0.1
    arg: ^4.1.0
    create-require: ^1.1.0
    diff: ^4.0.1
    make-error: ^1.1.1
    source-map-support: ^0.5.17
    yn: 3.1.1
  peerDependencies:
    "@swc/core": ">=1.2.45"
    "@swc/wasm": ">=1.2.45"
    "@types/node": "*"
    typescript: ">=2.7"
  peerDependenciesMeta:
    "@swc/core":
      optional: true
    "@swc/wasm":
      optional: true
  bin:
    ts-node: dist/bin.js
    ts-node-cwd: dist/bin-cwd.js
    ts-node-script: dist/bin-script.js
    ts-node-transpile-only: dist/bin-transpile.js
    ts-script: dist/bin-script-deprecated.js
  checksum: 69a45cf29b1b2773ffcb8342ff9dc56539c4bc1dc2f03824bfb06579c0e39bdd1a4616c389f1f53ce103a9ff85bdb657810f3de0907c78da6a4ecc7dd5b36051
  languageName: node
  linkType: hard

typescript@4.2:
  version: 4.2.4
  resolution: "typescript@npm:4.2.4"
  bin:
    tsc: bin/tsc
    tsserver: bin/tsserver
  checksum: cf0d3ed1271028f314d22c592662a395a7dbe30c65d1f8a9199656b0a99e7e5463c5f00776e4f7359d7f46eb7b54c6bb6e9f6bf8cd1574ddb4ad570937482362
  languageName: node
  linkType: hard

"typescript@patch:typescript@4.2#builtin<compat/typescript>":
  version: 4.2.4
  resolution: "typescript@patch:typescript@npm%3A4.2.4#builtin<compat/typescript>::version=4.2.4&hash=226bd1"
  bin:
    tsc: bin/tsc
    tsserver: bin/tsserver
  checksum: 3cabf76697a32427b66a7163c972d01a2e955a8f2c1e31f1be521f0a92c3cb954fb65732be21fc12e249f8f13e064808ea2605228203bc346b4be67c9b815c5d
  languageName: node
  linkType: hard

"yn@npm:3.1.1":
  version: 3.1.1
  resolution: "yn@npm:3.1.1"
  checksum: e06491e44f4f86b1ff20cb1105ae34c7a72fbf0128eb88210f40744ae70812dc2225553edc3b180ac820529e3da1446abff51f687717ae2878dd5ab060c7df1f
  languageName: node
  linkType: hard
