# This file is generated by running "yarn install" inside your project.
# Manual changes might be lost - proceed with caution!

__metadata:
  version: 4

"@arcanis/slice-ansi@npm:^1.0.2":
  version: 1.0.2
  resolution: "@arcanis/slice-ansi@npm:1.0.2"
  dependencies:
    grapheme-splitter: ^1.0.4
  checksum: 915998dd9a01759f7143260c342dd5a5a1912dd1796d254fe92fb3c465a0dc333b5d825283758016f53aaf9b4d5ae0c2e8afd6725e382a73ca6607fd8d2c533f
  languageName: node
  linkType: hard

"@nodelib/fs.scandir@npm:2.1.5":
  version: 2.1.5
  resolution: "@nodelib/fs.scandir@npm:2.1.5"
  dependencies:
    "@nodelib/fs.stat": 2.0.5
    run-parallel: ^1.1.9
  checksum: c7c65a6cf4da8ae6598950d1167688d6583332c34d18400aa77734b8cf77d012020fbdd560f52579b6af5b4e00d647f477145924bb4eb4ab85166e8c53cc4a3a
  languageName: node
  linkType: hard

"@nodelib/fs.stat@npm:2.0.5, @nodelib/fs.stat@npm:^2.0.2":
  version: 2.0.5
  resolution: "@nodelib/fs.stat@npm:2.0.5"
  checksum: 97b61c68e0c877e6237e19987d3db4254bb0557ff4227ce4f49a9d81229e9bb5b61d0236fa1e444bda94f9c50b9a1e21e2844fd399fdf065a208511981ddea9f
  languageName: node
  linkType: hard

"@nodelib/fs.walk@npm:^1.2.3":
  version: 1.2.8
  resolution: "@nodelib/fs.walk@npm:1.2.8"
  dependencies:
    "@nodelib/fs.scandir": 2.1.5
    fastq: ^1.6.0
  checksum: 893f2741845c05957d3fa49f2df48ec2be9e909374005beb4107b9acef9c53c60006726766be5442e3e4467922e575230410750cde30c8395945ccda46d225b1
  languageName: node
  linkType: hard

"@sindresorhus/is@npm:^4.0.0":
  version: 4.2.0
  resolution: "@sindresorhus/is@npm:4.2.0"
  checksum: 5d19eea5ce1710d22e1776f01fe9ce74d0f7a055c7203b9db8513e6470bc0ef62beb67aaac7bddfa7c35074b74696169652968933c2db063532861d67a723fd6
  languageName: node
  linkType: hard

"@szmarczak/http-timer@npm:^4.0.5":
  version: 4.0.6
  resolution: "@szmarczak/http-timer@npm:4.0.6"
  dependencies:
    defer-to-connect: ^2.0.0
  checksum: 927491071ace0a69156e02cc7fd2083e40999a1a3f13eed75e2c205eee2d9fe35e808e87b432aa20541c69f072080ee6a4ca4e96a54a3a113834154e700592f7
  languageName: node
  linkType: hard

"@tsconfig/node10@npm:^1.0.7":
  version: 1.0.8
  resolution: "@tsconfig/node10@npm:1.0.8"
  checksum: b37609f796cf63caa949ffa14967c184860f248fff3101f01b47df78c798b954260762a04e4e34cf0ef418bca8fe8cb84ff99c113ad22042af1dcd68f9dbed97
  languageName: node
  linkType: hard

"@tsconfig/node12@npm:^1.0.7":
  version: 1.0.8
  resolution: "@tsconfig/node12@npm:1.0.8"
  checksum: 57b753e2ec4c143de3777edcf12cdf5387396d6291d3a89a813db5ac91ffd7273519471328bd92322324f548799ee2f692fce25524ba9dce7332d600235a77ad
  languageName: node
  linkType: hard

"@tsconfig/node14@npm:^1.0.0":
  version: 1.0.1
  resolution: "@tsconfig/node14@npm:1.0.1"
  checksum: c80cb961032b4228adad3128a2c474357183ebb9f1338810feb17419a8866b641f03cee584ca0a30b53b537c2b4f1745e07c96f3bb35ddb00824e6d916466ee7
  languageName: node
  linkType: hard

"@tsconfig/node16@npm:^1.0.1":
  version: 1.0.1
  resolution: "@tsconfig/node16@npm:1.0.1"
  checksum: 2df656d17a0a72554f8966cd8ba49acd8f70c1350f3dab5b0e3dd86303540873908d04d49be50759573dbf5b648a7b0cddc932f758619d0a1da3eaf13826b8cb
  languageName: node
  linkType: hard

"@types/cacheable-request@npm:^6.0.1":
  version: 6.0.2
  resolution: "@types/cacheable-request@npm:6.0.2"
  dependencies:
    "@types/http-cache-semantics": "*"
    "@types/keyv": "*"
    "@types/node": "*"
    "@types/responselike": "*"
  checksum: 50e26cdf5af917b05377183ad6c91540014a09deff0ddbbbeacde2507bb903a586e151df52a41d1367ae0167881358b49c6b3d6853f923edaa2b94c4c94c1eed
  languageName: node
  linkType: hard

"@types/emscripten@npm:^1.38.0":
  version: 1.39.5
  resolution: "@types/emscripten@npm:1.39.5"
  checksum: c85e11dec1c59f5dcf57c8443900f51c46b84df01c5258962a18bfc11ab199d2f00747a938e3bcdbc26703ca8276523a6878b5f20d40da55b352419eb32dc632
  languageName: node
  linkType: hard

"@types/http-cache-semantics@npm:*":
  version: 4.0.1
  resolution: "@types/http-cache-semantics@npm:4.0.1"
  checksum: 69f6ed804b07525ee9a7d9a34cec77ad8c238e794f9546a009c868c3aacf3cb654d0f8f4bfc45862f34a9873d1c01d750767e05b327be0d4a2c6b466ed81edc6
  languageName: node
  linkType: hard

"@types/keyv@npm:*":
  version: 3.1.3
  resolution: "@types/keyv@npm:3.1.3"
  dependencies:
    "@types/node": "*"
  checksum: d3a89e62ac2a37c7277c3dc5f7c76f76ec755214ce3753a1bb7d4bf722c7b225832491aa80b1216cb44f62e8dc48dda5a797ee0c439c300e7f90fbb04ea84f5d
  languageName: node
  linkType: hard

"@types/node@npm:*, @types/node@npm:^15.12.2":
  version: 15.12.2
  resolution: "@types/node@npm:15.12.2"
  checksum: 8730a2d4533baecf0a3702892def37458f9f55ef0d4eab2ae1ec03dd93608c6336d46b432b45ef644dfd7897d605859d596d3a5aca5d29c3a0f93ade8209bf64
  languageName: node
  linkType: hard

"@types/node@npm:^13.7.0":
  version: 13.13.52
  resolution: "@types/node@npm:13.13.52"
  checksum: c608b65aa6bf5b5fe39d9f6dfa0677630466983debce0b4c3b8f657a494ed5ae77db51a35be33d775bf4d9c5d796cecccd8956eb94de9ce05c114ac34d94bbcf
  languageName: node
  linkType: hard

"@types/responselike@npm:*, @types/responselike@npm:^1.0.0":
  version: 1.0.0
  resolution: "@types/responselike@npm:1.0.0"
  dependencies:
    "@types/node": "*"
  checksum: c1c22a0558a6252f9c75c42d64e2f66bda16556f8801d954fd516e2d5170a78f36b246fef2b815df506925d87af7aee0236a2594307df3f4305db49d411c1c8c
  languageName: node
  linkType: hard

"@types/semver@npm:^7.1.0":
  version: 7.3.8
  resolution: "@types/semver@npm:7.3.8"
  checksum: c4a193c7a11bff6c0e324e130b606052b6b32540937327158b1dde615ca0ee4661c76f6ec503a8b69f57938bd180ed9d97d9fb8bb02366206d690302ac360326
  languageName: node
  linkType: hard

"@types/treeify@npm:^1.0.0":
  version: 1.0.0
  resolution: "@types/treeify@npm:1.0.0"
  checksum: c3f876cbda3162f6183f80dddeabccea27d41c0a5a4c3b173d0b978e91649a18acc5e965e74dcebf9efeffd5e24846d831b92491e427852c4a17e277adf1abee
  languageName: node
  linkType: hard

"@yarnpkg/core@npm:^3.0.0":
  version: 3.0.0
  resolution: "@yarnpkg/core@npm:3.0.0"
  dependencies:
    "@arcanis/slice-ansi": ^1.0.2
    "@types/semver": ^7.1.0
    "@types/treeify": ^1.0.0
    "@yarnpkg/fslib": ^2.5.0
    "@yarnpkg/json-proxy": ^2.1.1
    "@yarnpkg/libzip": ^2.2.2
    "@yarnpkg/parsers": ^2.4.0
    "@yarnpkg/pnp": ^3.0.0
    "@yarnpkg/shell": ^3.0.0
    camelcase: ^5.3.1
    chalk: ^3.0.0
    ci-info: ^2.0.0
    clipanion: ^3.0.1
    cross-spawn: 7.0.3
    diff: ^4.0.1
    globby: ^11.0.1
    got: ^11.7.0
    json-file-plus: ^3.3.1
    lodash: ^4.17.15
    micromatch: ^4.0.2
    mkdirp: ^0.5.1
    p-limit: ^2.2.0
    p-queue: ^6.0.0
    pluralize: ^7.0.0
    pretty-bytes: ^5.1.0
    semver: ^7.1.2
    stream-to-promise: ^2.2.0
    strip-ansi: ^6.0.0
    tar: ^6.0.5
    treeify: ^1.1.0
    tslib: ^1.13.0
    tunnel: ^0.0.6
  checksum: 99e61fcedebce9a2cd55d0d3f8e6431505462c25c84b23328e69aba8dd0c6fb874cf636a81bfce26453a6ba5bad13d690fa0fa3c2dd24882da9aee03b8d38018
  languageName: node
  linkType: hard

"@yarnpkg/fslib@npm:^2.5.0, @yarnpkg/fslib@npm:^2.5.1, @yarnpkg/fslib@npm:^2.5.2":
  version: 2.5.2
  resolution: "@yarnpkg/fslib@npm:2.5.2"
  dependencies:
    "@yarnpkg/libzip": ^2.2.2
    tslib: ^1.13.0
  checksum: 9dd1e0c7a93442ffb9bb706c65031c495a8c032897e6a6c031c6ef3b41d6bb4dfa646a7197d542c0854c14cf3665f6ee2b73bf27460154893d040c2a9e45e4d0
  languageName: node
  linkType: hard

"@yarnpkg/json-proxy@npm:^2.1.1":
  version: 2.1.1
  resolution: "@yarnpkg/json-proxy@npm:2.1.1"
  dependencies:
    "@yarnpkg/fslib": ^2.5.0
    tslib: ^1.13.0
  checksum: ee7242f3afc4ff197ae33d8fb3d47affbbcb917290a9b882ae60483fe4fe99820e0f14c5786b8780944c3958c363ba8ceed6f91198f29b584b4aa93ae486f1b8
  languageName: node
  linkType: hard

"@yarnpkg/libzip@npm:^2.2.2":
  version: 2.2.2
  resolution: "@yarnpkg/libzip@npm:2.2.2"
  dependencies:
    "@types/emscripten": ^1.38.0
    tslib: ^1.13.0
  checksum: ba05dd95deef7ce2db6460725360fa1e86e338742d72f0f76f6e2731d425acfc98802883e551e62b8e9e6914e9755a90a943e5d70ddd84a5f6dd4b7ae80f8d38
  languageName: node
  linkType: hard

"@yarnpkg/nm@npm:^2.4.1":
  version: 2.4.1
  resolution: "@yarnpkg/nm@npm:2.4.1"
  dependencies:
    "@yarnpkg/core": ^3.0.0
    "@yarnpkg/fslib": ^2.5.0
  checksum: 6d9011da9c558816b47277c48f5f22a01247329455e3c109be36fb574c7c013dc45f2d5c65771f55ece1520fa1fbeebd95266579cf94c3df9da002c52452933f
  languageName: node
  linkType: hard

"@yarnpkg/parsers@npm:^2.4.0":
  version: 2.4.0
  resolution: "@yarnpkg/parsers@npm:2.4.0"
  dependencies:
    js-yaml: ^3.10.0
    tslib: ^1.13.0
  checksum: 722d88e7e92e4f5c4912eca9416ad8f874901fa3217c91343dabec327966cd158ea58d683e39a1ced25233b872fa380d66f602a5ee9878445e8a10514e17ebaa
  languageName: node
  linkType: hard

"@yarnpkg/pnp@npm:^3.0.0":
  version: 3.0.2
  resolution: "@yarnpkg/pnp@npm:3.0.2"
  dependencies:
    "@types/node": ^13.7.0
    "@yarnpkg/fslib": ^2.5.2
    resolve.exports: ^1.0.2
    tslib: ^1.13.0
  checksum: 86d840aa8c76af52f4280fc012a632ed6a9d9a00284af83ffd6066418f3398b9032f0089d772c2a4b66fc006605bde8055301e56479a0a16848e18410b7a6d95
  languageName: node
  linkType: hard

"@yarnpkg/pnpify@npm:^3.0.1-rc.5":
  version: 3.0.1
  resolution: "@yarnpkg/pnpify@npm:3.0.1"
  dependencies:
    "@yarnpkg/core": ^3.0.0
    "@yarnpkg/fslib": ^2.5.1
    "@yarnpkg/nm": ^2.4.1
    clipanion: ^3.0.1
    cross-spawn: 7.0.3
    tslib: ^1.13.0
  bin:
    pnpify: ./lib/cli.js
  checksum: 58effc705a3e85768abdc35e8193c6ce00755c3db8d259a26147306e7f9761abbda92c44d9498066fd7c920648c318c49c46d9866c4f330d1f20bb08a0845804
  languageName: node
  linkType: hard

"@yarnpkg/shell@npm:^3.0.0":
  version: 3.0.0
  resolution: "@yarnpkg/shell@npm:3.0.0"
  dependencies:
    "@yarnpkg/fslib": ^2.5.0
    "@yarnpkg/parsers": ^2.4.0
    chalk: ^3.0.0
    clipanion: ^3.0.1
    cross-spawn: 7.0.3
    fast-glob: ^3.2.2
    micromatch: ^4.0.2
    stream-buffers: ^3.0.2
    tslib: ^1.13.0
  bin:
    shell: ./lib/cli.js
  checksum: a77ed11e4c0d4de92253a723ce1660ee98d5e588615d4f3305ff64720e51a457db95e5d7086e533bdbcc200c4befd4658752d951bd5da4355421fe271d4ac408
  languageName: node
  linkType: hard

"ansi-regex@npm:^5.0.0":
  version: 5.0.1
  resolution: "ansi-regex@npm:5.0.1"
  checksum: 5bfe682a4121b99f7d53332eb1cdfdc7809f0064cb5559bcfb6d5eb2ebd23532e62c5fb312865a73711c9caca7b35e9a90113734e29ffa98edf9e8feb5a5d39e
  languageName: node
  linkType: hard

"ansi-styles@npm:^4.1.0":
  version: 4.3.0
  resolution: "ansi-styles@npm:4.3.0"
  dependencies:
    color-convert: ^2.0.1
  checksum: b072b514b11179fed5a254c1ec418238d5987295f508fbee086dc8ea8420145ba2bf8e55a649d47284aaaf12e691e951b51a04b6bb9b96f6e7e0f25a0e2c2629
  languageName: node
  linkType: hard

"any-promise@npm:^1.1.0, any-promise@npm:~1.3.0":
  version: 1.3.0
  resolution: "any-promise@npm:1.3.0"
  checksum: 1ef049d7516840390895b32c2ac442ddce1f06d59527144f06bed52f1ab04963b9892865c7087b516ba4e9a5859d33b378b37e023bd71510467ff169d760c767
  languageName: node
  linkType: hard

"arg@npm:^4.1.0":
  version: 4.1.3
  resolution: "arg@npm:4.1.3"
  checksum: 1aef85b7cbe94efe7414db36f3ee972320f0e98bf5ca8b1ef0ce4b5d48a0d358f17b75962d428c7b4f46404205ce1ca3cd5fcf2c44f43208f2b1351be8117a1e
  languageName: node
  linkType: hard

"argparse@npm:^1.0.7":
  version: 1.0.10
  resolution: "argparse@npm:1.0.10"
  dependencies:
    sprintf-js: ~1.0.2
  checksum: f0b382b138049618e7958f6345a52b33e673e7ca6baa7c4efa758938a4b586e40467cc198a8b3fda9a8f627078fb46bfe5933fc507d5a07a75d2145e706466d3
  languageName: node
  linkType: hard

"array-union@npm:^2.1.0":
  version: 2.1.0
  resolution: "array-union@npm:2.1.0"
  checksum: 60994e65b1cad2548478f36195c6829e7e9f7c9a46f2cca32bbf98f048fc9d4fc045b735559442a7a7c573453aa5d4aff2ee3d07e87621078e0fa74513000ad5
  languageName: node
  linkType: hard

"asap@npm:~2.0.3":
  version: 2.0.6
  resolution: "asap@npm:2.0.6"
  checksum: 4fe2162661e6a16d954ae4566e9f9129ccfe51be55df6a298a33c4675971a2a4bb070d86a8977d64090572b12f6baf5a0e2147823cda01a19122156347250786
  languageName: node
  linkType: hard

"braces@npm:^3.0.1":
  version: 3.0.2
  resolution: "braces@npm:3.0.2"
  dependencies:
    fill-range: ^7.0.1
  checksum: 54b4fe3c8e9f1a8ebce1754c79bc9fc662fa54bb86696ca35614a958040df2f837134daa6da93961adb207c9533ccddcd5fcd223800fe54c09423f351d361e54
  languageName: node
  linkType: hard

"buffer-from@npm:^1.0.0":
  version: 1.1.1
  resolution: "buffer-from@npm:1.1.1"
  checksum: b34c802232998fe342f64398c6bfbcd74c7e3d8115513ccc1c932c8ea0e0a205293847bc69be4c32ed9388ca151f635b005019e0bddbd80a5df34da537d722d6
  languageName: node
  linkType: hard

"cacheable-lookup@npm:^5.0.3":
  version: 5.0.4
  resolution: "cacheable-lookup@npm:5.0.4"
  checksum: 2830fc8b39ec9fae8b6c954174697936129f43da4919a9f8158d9d1c1308c928d3c0ee1d3f888dd23374876d73e009bc4e86b217cba79602fde5c2ec47fa4699
  languageName: node
  linkType: hard

"cacheable-request@npm:^7.0.1":
  version: 7.0.2
  resolution: "cacheable-request@npm:7.0.2"
  dependencies:
    clone-response: ^1.0.2
    get-stream: ^5.1.0
    http-cache-semantics: ^4.0.0
    keyv: ^4.0.0
    lowercase-keys: ^2.0.0
    normalize-url: ^6.0.1
    responselike: ^2.0.0
  checksum: a1a28db85320d07416ddbd7e29b13933e1ee534cf7bafaea75e2cfc4570f0da65dd37c46a406ddae30f1c9c28cd5225d38c1500edc55d17c637cc4bd12bc25b0
  languageName: node
  linkType: hard

"call-bind@npm:^1.0.0":
  version: 1.0.2
  resolution: "call-bind@npm:1.0.2"
  dependencies:
    function-bind: ^1.1.1
    get-intrinsic: ^1.0.2
  checksum: 4ec1020570f0625116089e61c1e9b6df65de4c69c8bc0dfdbaf20dad543350f206631415cba9770a6840e3f158a5f94f6f9d0154be7666507a6b72c07f7173c0
  languageName: node
  linkType: hard

"camelcase@npm:^5.3.1":
  version: 5.3.1
  resolution: "camelcase@npm:5.3.1"
  checksum: 58f271afe62d5396a5a2d28cbbeb3520732763d3c005e295225d48a58408d44575bf92475cd828f597790725f1be43aa08e623b65bdffb5619f16fb402773bb6
  languageName: node
  linkType: hard

"chalk@npm:^3.0.0":
  version: 3.0.0
  resolution: "chalk@npm:3.0.0"
  dependencies:
    ansi-styles: ^4.1.0
    supports-color: ^7.1.0
  checksum: 366bfad255e1ee49a8944a434c94772195d206f2fdd0d132b2a4aab199c4f7ff696312522735613c0a92d69a1afda70c0284a0a9612234ce8034b19be83b6543
  languageName: node
  linkType: hard

"chownr@npm:^2.0.0":
  version: 2.0.0
  resolution: "chownr@npm:2.0.0"
  checksum: bf4e5f1c1e443c4c4f2c562d4cdd74331a5820296aee77e4ded9339b4827bf4d152d8bb30a59e874931951fcd0898dc6ed4c904e559006368c6a3143ea3ed4f8
  languageName: node
  linkType: hard

"ci-info@npm:^2.0.0":
  version: 2.0.0
  resolution: "ci-info@npm:2.0.0"
  checksum: 4926b2dd00eefa64ed6eef3a5a3381c2033418ddca5a6d794c4a0741e15aca5cfd4fa177a0965be54624d2c354b24371daf693fe44b25bb96f54351ad825b1ad
  languageName: node
  linkType: hard

"clipanion@npm:^3.0.1":
  version: 3.0.1
  resolution: "clipanion@npm:3.0.1"
  dependencies:
    typanion: ^3.3.1
  peerDependencies:
    typanion: "*"
  checksum: 73a8f5d352bf3f30b358c408df66a859629d775dba7766447ed54a170fd8af635916ac329562a675a6e362533ebc903f14e7eb97d950ff371f6e41eac36b034f
  languageName: node
  linkType: hard

"clone-response@npm:^1.0.2":
  version: 1.0.2
  resolution: "clone-response@npm:1.0.2"
  dependencies:
    mimic-response: ^1.0.0
  checksum: 6437280ca084ca20186b68a463a4106b0b0e8604a7d85ca57322f777f8816412d1927bf49232d5fc5bd4fda9427df15c31549124cf34ed44b5d942e3c56f688a
  languageName: node
  linkType: hard

"color-convert@npm:^2.0.1":
  version: 2.0.1
  resolution: "color-convert@npm:2.0.1"
  dependencies:
    color-name: ~1.1.4
  checksum: bc4adfdbb1e3a3353aa56adbe1e0f50085a63c0296b31c30bc4500daf49f9fe21248d6078e2236832840e0dea8c7ce2c0d6e783e04bc0c31fc9d230f166891b6
  languageName: node
  linkType: hard

"color-name@npm:~1.1.4":
  version: 1.1.4
  resolution: "color-name@npm:1.1.4"
  checksum: 43b24807a5b89efc7ac953fbac98a18e79b09b0bd610f45525eb79ca33e1c6230497027a30dc437448b9c719989fc0c328f75b8b61e2345700e99d1e643a6633
  languageName: node
  linkType: hard

"create-require@npm:^1.1.0":
  version: 1.1.1
  resolution: "create-require@npm:1.1.1"
  checksum: f65c2f0f64cf03ab72148642e9b19ae075d7d7614343a3fbf9e43253d7e499aa39ab288918c6499ef4d298f21e09f8f1d0fe5e95c39d8b841e9ceb9d64fa1bb1
  languageName: node
  linkType: hard

"cross-spawn@npm:7.0.3":
  version: 7.0.3
  resolution: "cross-spawn@npm:7.0.3"
  dependencies:
    path-key: ^3.1.0
    shebang-command: ^2.0.0
    which: ^2.0.1
  checksum: 789465defbeec9fec5b3962e167b63ddb49da419ed3f023ed1919c687edfd8908c4d834c72e02c5e7958f228bb5f59a2193ccb86f63d3bb0dea9b78c4c12e656
  languageName: node
  linkType: hard

"decompress-response@npm:^6.0.0":
  version: 6.0.0
  resolution: "decompress-response@npm:6.0.0"
  dependencies:
    mimic-response: ^3.1.0
  checksum: 3643385f43ff5600f45999f8a936a7f27152689f658790dcf243779821695dba5f1ebac2a165487701639f3b4274b92354011f324487f3b3cd638e6249a3c8cc
  languageName: node
  linkType: hard

"defer-to-connect@npm:^2.0.0":
  version: 2.0.1
  resolution: "defer-to-connect@npm:2.0.1"
  checksum: 198760767922ab715fb54adeb7afe62666418d3c537c58f89c773314cff751c361e8bc3b6aad5434ec4b49511fbba96b38e7a0aedebc2bbd2ea06c637613c689
  languageName: node
  linkType: hard

"define-properties@npm:^1.1.3":
  version: 1.1.3
  resolution: "define-properties@npm:1.1.3"
  dependencies:
    object-keys: ^1.0.12
  checksum: 8ea9a3d1d6f9b5ec39f3acdf52c1f406cee2e15630b374daef2b44e67296cbf383481abc30beefa6cccde585ee5c41aa6d80c5c4556e90ffce95bea76f51857e
  languageName: node
  linkType: hard

"diff@npm:^4.0.1":
  version: 4.0.2
  resolution: "diff@npm:4.0.2"
  checksum: 8231aecbbdea8434867bbff2a619aa224706f2a420aa75d3195b010a70ac123c253a6f759c450f9d91d4ac7eb422f818fb97a69ec804d44279a0415b1a4794d0
  languageName: node
  linkType: hard

"dir-glob@npm:^3.0.1":
  version: 3.0.1
  resolution: "dir-glob@npm:3.0.1"
  dependencies:
    path-type: ^4.0.0
  checksum: 39531b593f4df4289e3006b00b003ef37ff6297342bb81601d35ad07864134dcbf83fe170165ba9eb4dc078592e568ad202edd47a6b58c50771cea2d4d2faf22
  languageName: node
  linkType: hard

"end-of-stream@npm:^1.1.0, end-of-stream@npm:~1.1.0":
  version: 1.1.0
  resolution: "end-of-stream@npm:1.1.0"
  dependencies:
    once: ~1.3.0
  checksum: 61824530b1288ab60001ef8bfc522173f941074e40743a32a9dd75ca3e11bfb2cc02eacf6c10aca01d88642822b99c2b4cd667b793ba586777083f9783816e1e
  languageName: node
  linkType: hard

"esbuild@npm:^0.12.28":
  version: 0.12.28
  resolution: "esbuild@npm:0.12.28"
  bin:
    esbuild: bin/esbuild
  checksum: ccd6d017a6e72b4eeb30ee9dfa899f4d34b6de1e933e79152dcf8d4d8a85591a88d4c6103b5c7cc97b34e2b7496e5bdeb1ce26424d283164da308d88b501c543
  languageName: node
  linkType: hard

"esprima@npm:^4.0.0":
  version: 4.0.1
  resolution: "esprima@npm:4.0.1"
  bin:
    esparse: ./bin/esparse.js
    esvalidate: ./bin/esvalidate.js
  checksum: a9bec67e9a3dfccc29a2d54c65a3210129668b3eeae7fe296145bc564c963c4d1d7be101dd13fbe65000414ac07f35bd2f85ac9d3254016e5a2f3aa13d18caf1
  languageName: node
  linkType: hard

"eventemitter3@npm:^4.0.4":
  version: 4.0.7
  resolution: "eventemitter3@npm:4.0.7"
  checksum: 076a0d9ed5feddfae5d62e0a3ffe2bcbbe6f203dcdc67b39617d8890c1a9ecc40d3344197bde4de7d31d3524e99464fb38ec938d035538c9ef0e6aee2475e6fa
  languageName: node
  linkType: hard

"fast-glob@npm:^3.1.1, fast-glob@npm:^3.2.2":
  version: 3.2.7
  resolution: "fast-glob@npm:3.2.7"
  dependencies:
    "@nodelib/fs.stat": ^2.0.2
    "@nodelib/fs.walk": ^1.2.3
    glob-parent: ^5.1.2
    merge2: ^1.3.0
    micromatch: ^4.0.4
  checksum: 0264c4aae1437de10454ffafe8b544a6a8c93cc6acdd7210cbb7c3b8794bb4e10f1c840134b2065c4766965dc9ef1f661e7adf7da81a1a9c84ff95555be76ca5
  languageName: node
  linkType: hard

"fastq@npm:^1.6.0":
  version: 1.13.0
  resolution: "fastq@npm:1.13.0"
  dependencies:
    reusify: ^1.0.4
  checksum: 29dc68686081fcf9d33df05d3e819d2f7a64b16552498285dc91d7ff65587658da4837e0456b940fe53ef4c4a626ae5e0f8bb3bffde8126c9ff5ab003f7e1308
  languageName: node
  linkType: hard

"fill-range@npm:^7.0.1":
  version: 7.0.1
  resolution: "fill-range@npm:7.0.1"
  dependencies:
    to-regex-range: ^5.0.1
  checksum: 24b3351f8180dc31f2e5742bb13402d58f99cd8fce36d0668f8e1eaa1dd80754fc5d965a2abb98eb75ff6a91cb1e351608601cf34b930fdf50202d61dc047c3a
  languageName: node
  linkType: hard

"fs-minipass@npm:^2.0.0":
  version: 2.1.0
  resolution: "fs-minipass@npm:2.1.0"
  dependencies:
    minipass: ^3.0.0
  checksum: 18a202f727ff0969548e8c22b11149a2b62de3f75926a40e91ffbcc320b679a5af951902679fd7aae989b0cd83f9c1c336dd8f02612adc83e99570d0b99891b9
  languageName: node
  linkType: hard

"function-bind@npm:^1.1.1":
  version: 1.1.1
  resolution: "function-bind@npm:1.1.1"
  checksum: 6ed0e3f90e8eab9d2a32f526fddd51020a23ad48d6c3806583b0c6e9dd97fbd0736a11bc0d75ee59e32979f149b3ac3c7a8608540968ed3f87d7ef8799c54602
  languageName: node
  linkType: hard

"get-intrinsic@npm:^1.0.2":
  version: 1.1.1
  resolution: "get-intrinsic@npm:1.1.1"
  dependencies:
    function-bind: ^1.1.1
    has: ^1.0.3
    has-symbols: ^1.0.1
  checksum: 22e07f715219ba8cf324617bc3a4e587b9251dea4b3a33eedd5aed6e3dff9c6b2d129321ed91f154d8031fd2362f7251ee5da492ef9f32f9c9560dbdf655fdcd
  languageName: node
  linkType: hard

"get-stream@npm:^5.1.0":
  version: 5.2.0
  resolution: "get-stream@npm:5.2.0"
  dependencies:
    pump: ^3.0.0
  checksum: abdb05209d9d1bea29850a59fd4fc438e80b03c5ffaac21eac617849dbc5d3e5ff39b90e8c60ca942d88b434b80e78a0aa8a10ba56fb4ee47e22c28b95adee58
  languageName: node
  linkType: hard

"glob-parent@npm:^5.1.2":
  version: 5.1.2
  resolution: "glob-parent@npm:5.1.2"
  dependencies:
    is-glob: ^4.0.1
  checksum: 3988fa6f9ee72a61bc26b30e5b47076360b2ea61d14e47fa705063574bd83473fe9371ab409c1f2392354f2f8c11bb98da21858407a81a43faf47efe66ed4f8d
  languageName: node
  linkType: hard

"globby@npm:^11.0.1":
  version: 11.0.4
  resolution: "globby@npm:11.0.4"
  dependencies:
    array-union: ^2.1.0
    dir-glob: ^3.0.1
    fast-glob: ^3.1.1
    ignore: ^5.1.4
    merge2: ^1.3.0
    slash: ^3.0.0
  checksum: 6652bb261fa5ff767f14bb5593964e72a07c6d06bf633e347d26b0bc4e73c9c1dcd5fbf800e1f09e17dc4d0d0a424bf0fc544417c395263c654be1a70be91a49
  languageName: node
  linkType: hard

"got@npm:^11.7.0":
  version: 11.8.2
  resolution: "got@npm:11.8.2"
  dependencies:
    "@sindresorhus/is": ^4.0.0
    "@szmarczak/http-timer": ^4.0.5
    "@types/cacheable-request": ^6.0.1
    "@types/responselike": ^1.0.0
    cacheable-lookup: ^5.0.3
    cacheable-request: ^7.0.1
    decompress-response: ^6.0.0
    http2-wrapper: ^1.0.0-beta.5.2
    lowercase-keys: ^2.0.0
    p-cancelable: ^2.0.0
    responselike: ^2.0.0
  checksum: d1469b1efa2b7e5df0bc6f70b896d4600246979eecd70eb85ad0d77b090c64e7b32b1d592a948c00b133a3f784fed0b19b8db804dd26ff868abbe55bfcf01986
  languageName: node
  linkType: hard

"grapheme-splitter@npm:^1.0.4":
  version: 1.0.4
  resolution: "grapheme-splitter@npm:1.0.4"
  checksum: 4afa6f1f454e3198215c1f5754e8a901713fa88688b5ee9a20eed126cc884f5c1460087ebda6c25bb839cee80a7a40b626553c1b283075a49a1cf29fde26cd56
  languageName: node
  linkType: hard

"has-flag@npm:^4.0.0":
  version: 4.0.0
  resolution: "has-flag@npm:4.0.0"
  checksum: 8c9a32ef47dfc77c5caf80a0e33a2d921414006ce954047d2274a8774e07cd916f2dd546aed7d89017504cb3fe66248dabb64f9c5bd893520cdd4c81e95d1198
  languageName: node
  linkType: hard

"has-symbols@npm:^1.0.1":
  version: 1.0.2
  resolution: "has-symbols@npm:1.0.2"
  checksum: 8dba56a8896028212a8747a49b244cc9b7f7e6ac998e2d8aca29799db95638bcc992f873188044059a5507b4c068a279ed203f8ec4dd4c4eb7d9123cb167c896
  languageName: node
  linkType: hard

"has@npm:^1.0.3":
  version: 1.0.3
  resolution: "has@npm:1.0.3"
  dependencies:
    function-bind: ^1.1.1
  checksum: 88e52bdec13edd789d27e483cb710f2b11b18f7c03c9f5431d2cef49d8a4f499e182f00fc95e3fc240ea63e89805fac1d6e04a8270e83c14d6ef4ef7b5dd1f78
  languageName: node
  linkType: hard

"http-cache-semantics@npm:^4.0.0":
  version: 4.1.0
  resolution: "http-cache-semantics@npm:4.1.0"
  checksum: 302b81cb3b4abc4b20b3941c4b39d73ebf8bfd1ed723a02cd0d018e52bb3d1122c25a1ab0a8b9f7578470196ca3d145e29b99401f457f49dffd92381cda5c114
  languageName: node
  linkType: hard

"http2-wrapper@npm:^1.0.0-beta.5.2":
  version: 1.0.3
  resolution: "http2-wrapper@npm:1.0.3"
  dependencies:
    quick-lru: ^5.1.1
    resolve-alpn: ^1.0.0
  checksum: 4bbe7dda00425764adf2f278fd4a0d3dee7ee130aa8031f4046b6121473fe6449a0662bda0d432570eb21a2dcef168ac6239eecd7ca92cfe9cfa089a2b2d8e5d
  languageName: node
  linkType: hard

"ignore@npm:^5.1.4":
  version: 5.1.8
  resolution: "ignore@npm:5.1.8"
  checksum: 99f44444b1109833ea7c65617727d9408082dc42fe513ac92a82cd3131ad9e9b6b2bcc33b4ca29db550bf3a325bd066ef95ed36d183500e1d7ae7a4d6288c274
  languageName: node
  linkType: hard

"is-callable@npm:^1.1.5":
  version: 1.2.4
  resolution: "is-callable@npm:1.2.4"
  checksum: 9b946a707fad3ac6cd755b4292829f6bc8195d8b1b85ffaa699ed7366df89dc0dff6898cc8ad96e44074ce9f9ecaf1f0ea35cf6827403a9986d523fb540fd933
  languageName: node
  linkType: hard

"is-extglob@npm:^2.1.1":
  version: 2.1.1
  resolution: "is-extglob@npm:2.1.1"
  checksum: 6272e6560fa7f1bcd911e00dc9b587d7d8e7eddbedf945b489c9a22c4792edd51f94224ee069982e03618c8e9cef55c23c200142f2b4d7b5cbaf613fbcf65ddd
  languageName: node
  linkType: hard

"is-glob@npm:^4.0.1":
  version: 4.0.1
  resolution: "is-glob@npm:4.0.1"
  dependencies:
    is-extglob: ^2.1.1
  checksum: f9cd5a68c8a2ea0573053a11819a0e79e16f549ec80efa134977004cf8bfa935850de157bb52f29116b33dc0277f29544a70206ec95e27acec01fa4888d019e5
  languageName: node
  linkType: hard

"is-number@npm:^7.0.0":
  version: 7.0.0
  resolution: "is-number@npm:7.0.0"
  checksum: e65c149a8501b2cc8906a39cb0ba9e29c1ad87530a4d8c8b3ba0f3fedebedc4e98d7b6e733da0c4216e7b89b43aa23b05656480a6cd8cfc4a2d2b95ab4d1c178
  languageName: node
  linkType: hard

"is@npm:^3.2.1":
  version: 3.3.0
  resolution: "is@npm:3.3.0"
  checksum: 170d18668b6293b433767d3a590b82d9018755e69e98dc1c82c720891d1e603fc0e0517a6a25baed1f3289f7b3bb0bc8d40e704cf9839aedb2a2f6f2ba96d0dc
  languageName: node
  linkType: hard

"isexe@npm:^2.0.0":
  version: 2.0.0
  resolution: "isexe@npm:2.0.0"
  checksum: 1f6f7ccf6206a544097e27f04018fbd4fdb45d71eadac305d4b60cc18668d35c970d3c0bfadc4b348dd603d5536496a5634dd5f64792ea5e745c62cbc0ce9730
  languageName: node
  linkType: hard

"js-yaml@npm:^3.10.0":
  version: 3.14.1
  resolution: "js-yaml@npm:3.14.1"
  dependencies:
    argparse: ^1.0.7
    esprima: ^4.0.0
  bin:
    js-yaml: bin/js-yaml.js
  checksum: 3ef4484056484e2c26e936f7153284b463cd0e36374be5c134a1c528483901fb8e9683e0d261d9e5b37d82ac0d1e16fb3a18d6f8a506a2faa946b74807a19c92
  languageName: node
  linkType: hard

"json-buffer@npm:3.0.1":
  version: 3.0.1
  resolution: "json-buffer@npm:3.0.1"
  checksum: e7ef53de2455370ed7348c6b8c6501b0bf12f63a6fe502078d98c639d5497c1ff8b5f1b220d09054c0d91101037d87258bf7ca74e04daf786e1aeb762d8184e8
  languageName: node
  linkType: hard

"json-file-plus@npm:^3.3.1":
  version: 3.3.1
  resolution: "json-file-plus@npm:3.3.1"
  dependencies:
    is: ^3.2.1
    node.extend: ^2.0.0
    object.assign: ^4.1.0
    promiseback: ^2.0.2
    safer-buffer: ^2.0.2
  checksum: de7fe9a6249c42763535da47e6d4a96c92fe8be2c0c2fe248aa6138db4c315f17101f1ff08362c462b6f3a784a45892f3a03693217ae4536f1f1468cf67b812f
  languageName: node
  linkType: hard

"keyv@npm:^4.0.0":
  version: 4.0.3
  resolution: "keyv@npm:4.0.3"
  dependencies:
    json-buffer: 3.0.1
  checksum: fc0e1b55d68b63a6cff4b8532afc306d106137cf512230f4f90d4c875ef7ff698760166e0b0822a2d5fc531bf95d3aa1a5c66e09d26b1b592a5ff56f3273dfbd
  languageName: node
  linkType: hard

"lodash@npm:^4.17.15":
  version: 4.17.21
  resolution: "lodash@npm:4.17.21"
  checksum: f7f9cbcfc9584ae83af6a1a05d29617435b27e9985cf554d837f8133407ed9f069d84d7a349436fe2e3b698a63c4d8bdc916409987b5d19da6120466a43962ca
  languageName: node
  linkType: hard

"lowercase-keys@npm:^2.0.0":
  version: 2.0.0
  resolution: "lowercase-keys@npm:2.0.0"
  checksum: a7238f96359f6a83a72ff8ca4c26068c9a93347b9270e401ec8e800492ffd099266bbcd7e9fdeef80a52f87886bd96cb72ea79146dfabc2608c844b1eb3ac851
  languageName: node
  linkType: hard

"lru-cache@npm:^6.0.0":
  version: 6.0.0
  resolution: "lru-cache@npm:6.0.0"
  dependencies:
    yallist: ^4.0.0
  checksum: 060983e7ff43fdf1885183103a1e2c075fb5acef12c0a7112d9c793279434043e9abcb6b14f48593407f9ab1aaa497458a2733aeab03f9be1a30beee50cd9732
  languageName: node
  linkType: hard

"make-error@npm:^1.1.1":
  version: 1.3.6
  resolution: "make-error@npm:1.3.6"
  checksum: e45e9bc9cfc037b2df4c3dcfd690e0171ea72955fe7ac878f383452b25f3471512f3886b67214e1a8bd7b06880cda708f3744ba3d027964d7e9e2bbb031606f5
  languageName: node
  linkType: hard

"merge2@npm:^1.3.0":
  version: 1.4.1
  resolution: "merge2@npm:1.4.1"
  checksum: af137486d0defab4b52bda83fd52e048f9ff9c19909dc510d9d7187e830a9413ec045dd17e8244b3bcf3d6f3536cf53cbb0657b26d822cd2c4a4d664e12c7ad6
  languageName: node
  linkType: hard

"micromatch@npm:^4.0.2, micromatch@npm:^4.0.4":
  version: 4.0.4
  resolution: "micromatch@npm:4.0.4"
  dependencies:
    braces: ^3.0.1
    picomatch: ^2.2.3
  checksum: 4db9e716f9fd78110abda7196cc66d340a1f5ed760c324e1cda573dba075ee460a59191e221cfdc32df72dfac7e87f1271a5d37a07186491e186d4fb459864e0
  languageName: node
  linkType: hard

"mimic-response@npm:^1.0.0":
  version: 1.0.1
  resolution: "mimic-response@npm:1.0.1"
  checksum: 6ae8ca5aba806f909eb599713837f7b7ec576420ac0bc1a8adc8984cc203508f5b645db4f2f759c2378ea7f28576caba2b661f7b328dcdcbb27e69a89a7d27e7
  languageName: node
  linkType: hard

"mimic-response@npm:^3.1.0":
  version: 3.1.0
  resolution: "mimic-response@npm:3.1.0"
  checksum: 0888f06a6fc3ddf1a115bc007117ee0a5975488476ddf607bc22ab284235298ace898cfd50c1a58c5d081d1dcc57d9ca6ba6dad0ac9c85f35a626f15bc2278ec
  languageName: node
  linkType: hard

"minimist@npm:^1.2.5":
  version: 1.2.5
  resolution: "minimist@npm:1.2.5"
  checksum: 5ac4259ffedd770e1533f352a5ddf4e6196fb296c2ab43b982b30ddf47ae348e6fe8b9f4c359092fe110ac4385315e70fd7d029e306622f87f6f71676460f006
  languageName: node
  linkType: hard

"minipass@npm:^3.0.0":
  version: 3.1.5
  resolution: "minipass@npm:3.1.5"
  dependencies:
    yallist: ^4.0.0
  checksum: 1510a0fca13f6c0a70bc0fa1f8c6ca9d745bc3a03c46ca650190205a60f2376c2568c323bd82694c9b07f97bf1fb848833dee7b6647a1b8b4faf0d2f74fbd520
  languageName: node
  linkType: hard

"minizlib@npm:^2.1.1":
  version: 2.1.2
  resolution: "minizlib@npm:2.1.2"
  dependencies:
    minipass: ^3.0.0
    yallist: ^4.0.0
  checksum: b6046c32465e05a5b1ee1db6d78859ed84cb50767c97b1f1aa567b96fabda86f8ae830d5c1ff2d0b3a1db8cf58da0737c912acdaae8ec2b97879b0772f7c9245
  languageName: node
  linkType: hard

"mkdirp@npm:^0.5.1":
  version: 0.5.5
  resolution: "mkdirp@npm:0.5.5"
  dependencies:
    minimist: ^1.2.5
  bin:
    mkdirp: bin/cmd.js
  checksum: 2feda58ba711f4a8e3eb377b24f44f273b78d19361033894292b677b1d50d6dd926a4c2c06213a78dead4196efca06e4fe4aa3ad0173faa19924f1197a924fdb
  languageName: node
  linkType: hard

"mkdirp@npm:^1.0.3":
  version: 1.0.4
  resolution: "mkdirp@npm:1.0.4"
  bin:
    mkdirp: bin/cmd.js
  checksum: 8117ee178626ce3b785a48e511944b9cf5ec77855b2f1ed496a886ff84d05cc1c1750ad58f9971967574cf6737a51d6b653c224236fa43e6de36d308fdbd851f
  languageName: node
  linkType: hard

"node.extend@npm:^2.0.0":
  version: 2.0.2
  resolution: "node.extend@npm:2.0.2"
  dependencies:
    has: ^1.0.3
    is: ^3.2.1
  checksum: f9d2f0edb7d5f3556105de02eec67caadc26dfae6437123c42f23a196a58e7c05fbb2085b060dd8767e82114063023c137c660e18bb330ae6e2720c602719c88
  languageName: node
  linkType: hard

"normalize-url@npm:^6.0.1":
  version: 6.1.0
  resolution: "normalize-url@npm:6.1.0"
  checksum: dcf345c725c34310148ba09bbe976617948052e307827a8daa1b4b4c05056b865a8848ab5c5afba533448fbc6cb87073aad609cbc95d60d58101227c63f5ef67
  languageName: node
  linkType: hard

"object-keys@npm:^1.0.12, object-keys@npm:^1.1.1":
  version: 1.1.1
  resolution: "object-keys@npm:1.1.1"
  checksum: 520e29aea8cde1e8862359e09831f21de4cdb8ad85d3c4a3223b258bf600b0b058d9b6635ffa51d91afec2f1cf51c62dd6eed6deb52b9d332f88c98e864d3845
  languageName: node
  linkType: hard

"object.assign@npm:^4.1.0":
  version: 4.1.2
  resolution: "object.assign@npm:4.1.2"
  dependencies:
    call-bind: ^1.0.0
    define-properties: ^1.1.3
    has-symbols: ^1.0.1
    object-keys: ^1.1.1
  checksum: 1a9b5f852d441920946a98515ac098274f5bf1eff91435482e4858bf5878fa2a292183e4d1ef03b2c0dd334c2675a36c2db6d14823f3b865280fb81c31b9963a
  languageName: node
  linkType: hard

"once@npm:^1.3.1, once@npm:~1.3.0":
  version: 1.3.3
  resolution: "once@npm:1.3.3"
  dependencies:
    wrappy: 1
  checksum: e3a5528cb29bf6d1a64087c5bf8df3d3719cd261ba454df47158346a7046fc1fb61194c4c2c4929d85d13011171af53b725b3a426c06e01f9cd346624bf68fe9
  languageName: node
  linkType: hard

"p-cancelable@npm:^2.0.0":
  version: 2.1.1
  resolution: "p-cancelable@npm:2.1.1"
  checksum: 40be95d1a1736602686d2346f204019004adaedc34ef745b4b14bc4cd8e3bf244c6a27fb16b062d79e952aab6dc4baf04ddde4c17322f18980516facca95ac19
  languageName: node
  linkType: hard

"p-finally@npm:^1.0.0":
  version: 1.0.0
  resolution: "p-finally@npm:1.0.0"
  checksum: fe1770b0c3a3d21013a4b1754458bfdca7c145c65adb4a8d19892c2376d2daf195c572aef07c0a7753b3c552a47d3310193462c95b5eb4ff6e0397d889078c3f
  languageName: node
  linkType: hard

"p-limit@npm:^2.2.0":
  version: 2.3.0
  resolution: "p-limit@npm:2.3.0"
  dependencies:
    p-try: ^2.0.0
  checksum: 5dc7448442d71b536654a3054c179bcbf1a0998f28df801415298751b01baa839b96921be1f7e68227130741b1ab4cf8e276a2d67fd6362df8f09429dd538e40
  languageName: node
  linkType: hard

"p-queue@npm:^6.0.0":
  version: 6.6.2
  resolution: "p-queue@npm:6.6.2"
  dependencies:
    eventemitter3: ^4.0.4
    p-timeout: ^3.2.0
  checksum: f9484def3462b4c3dba9cae36f0496cb7c7135b0262e8b57df6dda68a77d579ff94c9cd320b2102bd1be5962160fdecb47c6c284874204d625c6567343c995a4
  languageName: node
  linkType: hard

"p-timeout@npm:^3.2.0":
  version: 3.2.0
  resolution: "p-timeout@npm:3.2.0"
  dependencies:
    p-finally: ^1.0.0
  checksum: ca8bf99c453570773fcf93c830d530d15bf80a87445b3aa02d0c9ea7bae46c1cdd7c21b4f3a208baa7b5b09907e321cf3be4f4ef3b545e9328d4ea5e588f241a
  languageName: node
  linkType: hard

"p-try@npm:^2.0.0":
  version: 2.2.0
  resolution: "p-try@npm:2.2.0"
  checksum: e7dceba546bcab1c72a4c1c8af45c7017e93dcafc4bdd9bd7e78d3b155a7e74cd0ec5277f2039cbc0d538050de1cfa52e8a157a3a741c0a6de870e0f5b03da33
  languageName: node
  linkType: hard

"path-key@npm:^3.1.0":
  version: 3.1.1
  resolution: "path-key@npm:3.1.1"
  checksum: 322112a1aaf5fd2bbfd0a402b63de03663202507321a41b7b89dd371f0549ed0ca1058eb69f0a10ab1f3df9bd7c1908e1733fa7bbdfbbadb631ce2518a8dc07d
  languageName: node
  linkType: hard

"path-type@npm:^4.0.0":
  version: 4.0.0
  resolution: "path-type@npm:4.0.0"
  checksum: 2b11a18b110715261f17bb450bf8e87d2a45bb41762b52658c1301fe89524be49b1bde75635ddfbfe7289d90ea59f46acfbdd2776d55f195ce393af59c0668b5
  languageName: node
  linkType: hard

"picomatch@npm:^2.2.3":
  version: 2.3.0
  resolution: "picomatch@npm:2.3.0"
  checksum: 7ce35c371be1b648440b9e7eff74f3228ee33cc7b7c6011adcf1d2492076bd48c4637a79e3b1425915740f02569e49a8bd1629dce7bc16d688816aaa86ab0431
  languageName: node
  linkType: hard

"pluralize@npm:^7.0.0":
  version: 7.0.0
  resolution: "pluralize@npm:7.0.0"
  checksum: 1dcf8be5ab0fd00e7142d4c76c21b805e887bec5b706bd13b40a9361f6f569a4830ded3c47f3d6688fdb98529f5172a6bd38a0dd4da41073547996066f549e79
  languageName: node
  linkType: hard

"pretty-bytes@npm:^5.1.0":
  version: 5.6.0
  resolution: "pretty-bytes@npm:5.6.0"
  checksum: 102e1d48713555facd093ab09baddae8265783fe6722a679f8148cae1e8bf51d0afa7578c6fdd769e3ed049bc0d2a245d1dbb2e626f771a0e7cff38cac7ec3c1
  languageName: node
  linkType: hard

"promise-deferred@npm:^2.0.3":
  version: 2.0.3
  resolution: "promise-deferred@npm:2.0.3"
  dependencies:
    promise: ^7.3.1
  checksum: ec15763ee574f5dfd4631e530b52ef1dcd2e71282ebd2dac5c9faed97f6ca3a40d149e364056673a1e54fa4b1219f0fc7b9285740c5d871c08b30ece3260a42b
  languageName: node
  linkType: hard

"promise@npm:^7.3.1":
  version: 7.3.1
  resolution: "promise@npm:7.3.1"
  dependencies:
    asap: ~2.0.3
  checksum: 55567d002fb90247e300661031c073cb7d7ac1861861a6e9b2ae26323096a22aaf8181b38406d1d488ae4f59cc14be1210ec2b7b393943eac7faad35cdd0e313
  languageName: node
  linkType: hard

"promiseback@npm:^2.0.2":
  version: 2.0.3
  resolution: "promiseback@npm:2.0.3"
  dependencies:
    is-callable: ^1.1.5
    promise-deferred: ^2.0.3
  checksum: 1126905e8e97029924f3fba550790f8ca1733f4862c5f663916856b01731e781db171f8c70c86ce45da18662d00dc0088d9613099b38fd19328c1deea327e367
  languageName: node
  linkType: hard

"pump@npm:^3.0.0":
  version: 3.0.0
  resolution: "pump@npm:3.0.0"
  dependencies:
    end-of-stream: ^1.1.0
    once: ^1.3.1
  checksum: 09633ba0f0d3d09f68afa6d7ad46e05e4860ec0549d9e55a87baa28fca048c3b87d1debdf1b3fac9bbbd21cdb0c3e11c527cb63471569cf88bcc0daeb466b32e
  languageName: node
  linkType: hard

"queue-microtask@npm:^1.2.2":
  version: 1.2.3
  resolution: "queue-microtask@npm:1.2.3"
  checksum: c8c773a1188c5cc9b84837c27b56bdf43f4aa70d4c796f07a3dd9602e7303e83dba9d66db8a12276706ba005523f8c6a41a72e756eda8b5b8af91f65ba07172d
  languageName: node
  linkType: hard

"quick-lru@npm:^5.1.1":
  version: 5.1.1
  resolution: "quick-lru@npm:5.1.1"
  checksum: 61802a0e7c6634c3343485266334385f728fd8f56ddb3080ae546291d1f714ab304f6d86eed3c469ca9ae5947b63efa9ee99794940c1aa1b40557e5bc4a89ab6
  languageName: node
  linkType: hard

"resolve-alpn@npm:^1.0.0":
  version: 1.2.1
  resolution: "resolve-alpn@npm:1.2.1"
  checksum: 49945184f66967956fe559b8792742009dc0f2a544ce4d522c845f658d289ccbbddee09f1733895d96717d5b5a9b9fe4edb3e00f9252faf2a382f61f26294e2e
  languageName: node
  linkType: hard

"resolve.exports@npm:^1.0.2":
  version: 1.0.2
  resolution: "resolve.exports@npm:1.0.2"
  checksum: 9d8c324485958d37fff8c03ac041fd1335793a17dda40e4d48d19865b528c6cec92ccf80cb9dbbaaeb173678a8479dc834f1ff0da660fff2cc82f14d5a701e36
  languageName: node
  linkType: hard

"responselike@npm:^2.0.0":
  version: 2.0.0
  resolution: "responselike@npm:2.0.0"
  dependencies:
    lowercase-keys: ^2.0.0
  checksum: 06a4224b58a77fc42576f3b287f347173a859bd56aa09a4b0f6de2f130d6d893e8ee6001c196e05189c979c12f2916cddc2afcdea4f3b2c29c9e309ed70b65e3
  languageName: node
  linkType: hard

"reusify@npm:^1.0.4":
  version: 1.0.4
  resolution: "reusify@npm:1.0.4"
  checksum: 73f05f896cdefea23f5dddb6d30e50fef159ec77f3a239547cff990956e2e70b9f2d6090180fc98f25a3af912bce2544d7cb246d4fa067524c5bcf02f3ac314b
  languageName: node
  linkType: hard

"run-parallel@npm:^1.1.9":
  version: 1.2.0
  resolution: "run-parallel@npm:1.2.0"
  dependencies:
    queue-microtask: ^1.2.2
  checksum: 790573ea52da5573a962228f97bdb415ca8d704ff7da312883c76ecf09c5711b3c9eb64d2dc4b78ccf71bbe12d412e8b151716f8ac55f034093ce9b62d113721
  languageName: node
  linkType: hard

"safer-buffer@npm:^2.0.2":
  version: 2.1.2
  resolution: "safer-buffer@npm:2.1.2"
  checksum: cfd3f4d7dc37db071c3b36c8e4315e3912e70f1a44c87936cafb6b3b15af362893ca02da703398fbbc299c1599fa49fca9ddda41ffd347adda417f988848dcf2
  languageName: node
  linkType: hard

"semver@npm:^7.1.2":
  version: 7.3.5
  resolution: "semver@npm:7.3.5"
  dependencies:
    lru-cache: ^6.0.0
  bin:
    semver: bin/semver.js
  checksum: 242b63749d33cc4225d36f332328adb6c494372e8f8dbf7a2768df589be1198e0f8a72ff23ce9c59f535110335ed7e866f2d0d164ce18a9cc7d7e13ae4ab6103
  languageName: node
  linkType: hard

"shebang-command@npm:^2.0.0":
  version: 2.0.0
  resolution: "shebang-command@npm:2.0.0"
  dependencies:
    shebang-regex: ^3.0.0
  checksum: 5437785e820d8b773354d4c8f3fa025a05f48ac24ed6c7a211419dadf485d8819caed717e1cffd97340cb8918f88e7b3658da2b750d04eb4983cdcf29c448844
  languageName: node
  linkType: hard

"shebang-regex@npm:^3.0.0":
  version: 3.0.0
  resolution: "shebang-regex@npm:3.0.0"
  checksum: 236bf0fe778807ea55e15179b0abfbd14c4a2990ddaf9abcdd7b9e8b3638eac803ddbdd66c5f6c87bb916f81a8d2d22d093588b59a5d4c0fb67bd33bd1fe6a3b
  languageName: node
  linkType: hard

"slash@npm:^3.0.0":
  version: 3.0.0
  resolution: "slash@npm:3.0.0"
  checksum: ce51757f17a5527c418ba0357ec96806a587383b48120abec4983aea914f7eed82693ea4dcf7d740bf9edc8b2d45ea46c32af2bf18ef0d7f56bc772febab6ba6
  languageName: node
  linkType: hard

"source-map-support@npm:^0.5.17":
  version: 0.5.19
  resolution: "source-map-support@npm:0.5.19"
  dependencies:
    buffer-from: ^1.0.0
    source-map: ^0.6.0
  checksum: 2c604d5d3edb5963c26a4907a3e174035615498c7534408f9f68712ba423dbc6a179259b5b058208e0d8f9cfa18b5c5f9e4359c0e7848e5cffd9114b527c7797
  languageName: node
  linkType: hard

"source-map@npm:^0.6.0":
  version: 0.6.1
  resolution: "source-map@npm:0.6.1"
  checksum: fa17f30e37dfa8d8065fc98e8c51ae80d7050055f90dbd40e8644269bda04707386180c4c43af7104a29af56109663e994ccbc2cf766af01e915285c7f93cc40
  languageName: node
  linkType: hard

"sprintf-js@npm:~1.0.2":
  version: 1.0.3
  resolution: "sprintf-js@npm:1.0.3"
  checksum: 17cbfc6bf2a82ae6548e3b0b4d3d65b09961cde328feb978b823b22da8a9243477ef3ffe96b64e56d3b333d49aaad0feb55580e27c78a40bc092caf139ff048e
  languageName: node
  linkType: hard

"stream-buffers@npm:^3.0.2":
  version: 3.0.2
  resolution: "stream-buffers@npm:3.0.2"
  checksum: 656a1620cf8a13900b13d21c642b07e0be54b3e690d5cc4a1143a612582385df177cbb22fde317e08d9e49c3e7741208f7b3cda65009b15c3ccc2fc35ffcf6ed
  languageName: node
  linkType: hard

"stream-to-array@npm:~2.3.0":
  version: 2.3.0
  resolution: "stream-to-array@npm:2.3.0"
  dependencies:
    any-promise: ^1.1.0
  checksum: 4269db7a873cc08ab1cefc44711c9674f3a9a4d8b36ff67ea79f9a2e2f369bab5a558965c00021cc200aba2113cfdebed2220d96ce677a08384ab646b941b3da
  languageName: node
  linkType: hard

"stream-to-promise@npm:^2.2.0":
  version: 2.2.0
  resolution: "stream-to-promise@npm:2.2.0"
  dependencies:
    any-promise: ~1.3.0
    end-of-stream: ~1.1.0
    stream-to-array: ~2.3.0
  checksum: 910f67217e56ba268e01716e31ddd1694877902e3261e8fcc8752a63647aedbe0ffb0e48a0fde913a463ec19ccf9e6cbd88850771cbdafa9286dfb160db310bb
  languageName: node
  linkType: hard

"strip-ansi@npm:^6.0.0":
  version: 6.0.0
  resolution: "strip-ansi@npm:6.0.0"
  dependencies:
    ansi-regex: ^5.0.0
  checksum: 19073b33d33745839a49d72239f92fec3a2a52e18cac22b3f4db3d1f90912d685883bc4428fc23aa1d393b35edcca4cb53c6587ff47931420554ddb65806e94a
  languageName: node
  linkType: hard

"supports-color@npm:^7.1.0":
  version: 7.2.0
  resolution: "supports-color@npm:7.2.0"
  dependencies:
    has-flag: ^4.0.0
  checksum: 2766f65d59642845f735f0f08ba697a811c797846b4623d868310c9cf81477d0321e2665b9774f85112164ce896ea714ad3592d942d02e4bd5a0c73351eaef1a
  languageName: node
  linkType: hard

"tar@npm:^6.0.5":
  version: 6.1.11
  resolution: "tar@npm:6.1.11"
  dependencies:
    chownr: ^2.0.0
    fs-minipass: ^2.0.0
    minipass: ^3.0.0
    minizlib: ^2.1.1
    mkdirp: ^1.0.3
    yallist: ^4.0.0
  checksum: 578227f22a2a5826f8d5db193ba63b08488def9e1212250ab28b6eec6ea18469c7ab3d612e6f12985e018f1705226106f67d9dcea0e679d1f694ee5a4b4ad6d8
  languageName: node
  linkType: hard

"test-tree@workspace:.":
  version: 0.0.0-use.local
  resolution: "test-tree@workspace:."
  dependencies:
    "@types/node": ^15.12.2
    "@yarnpkg/pnpify": ^3.0.1-rc.5
    esbuild: ^0.12.28
    ts-node: ^10.0.0
    typescript: 4.2
  languageName: unknown
  linkType: soft

"to-regex-range@npm:^5.0.1":
  version: 5.0.1
  resolution: "to-regex-range@npm:5.0.1"
  dependencies:
    is-number: ^7.0.0
  checksum: c873633ac227e4793dd5bbcc14d6e9e4d8e8915dc8dc7b6682ae393cd37d39fb113797cf4dce61863c5bb65d69c48597171d25f867139e00865b1990ff825dfe
  languageName: node
  linkType: hard

"treeify@npm:^1.1.0":
  version: 1.1.0
  resolution: "treeify@npm:1.1.0"
  checksum: 2c31ac68a41ec160d8c42903a55e8a0f29326e755034f414f88956bbdbb726b3f8118cf2eac56ebd7027ff1f97216ad899b1a96615788087719643d29ffea2c5
  languageName: node
  linkType: hard

"ts-node@npm:^10.0.0":
  version: 10.0.0
  resolution: "ts-node@npm:10.0.0"
  dependencies:
    "@tsconfig/node10": ^1.0.7
    "@tsconfig/node12": ^1.0.7
    "@tsconfig/node14": ^1.0.0
    "@tsconfig/node16": ^1.0.1
    arg: ^4.1.0
    create-require: ^1.1.0
    diff: ^4.0.1
    make-error: ^1.1.1
    source-map-support: ^0.5.17
    yn: 3.1.1
  peerDependencies:
    "@swc/core": ">=1.2.45"
    "@swc/wasm": ">=1.2.45"
    "@types/node": "*"
    typescript: ">=2.7"
  peerDependenciesMeta:
    "@swc/core":
      optional: true
    "@swc/wasm":
      optional: true
  bin:
    ts-node: dist/bin.js
    ts-node-cwd: dist/bin-cwd.js
    ts-node-script: dist/bin-script.js
    ts-node-transpile-only: dist/bin-transpile.js
    ts-script: dist/bin-script-deprecated.js
  checksum: 69a45cf29b1b2773ffcb8342ff9dc56539c4bc1dc2f03824bfb06579c0e39bdd1a4616c389f1f53ce103a9ff85bdb657810f3de0907c78da6a4ecc7dd5b36051
  languageName: node
  linkType: hard

"tslib@npm:^1.13.0":
  version: 1.14.1
  resolution: "tslib@npm:1.14.1"
  checksum: 38b15e2e1cf13c09a610d96de24cdd110ccffd3d9e3de458b1ef2fbf13eba1d15dae71f579c148fd0ee6fe7e75b8365e96077c399c3414f2166ea6efb975292e
  languageName: node
  linkType: hard

"tunnel@npm:^0.0.6":
  version: 0.0.6
  resolution: "tunnel@npm:0.0.6"
  checksum: 42fe6e9acfd621c74fff4e3cbd255193f8ba2eddca8471e4c5c768ce736879a9c8990eff2a2aa259ac2fa4009a79e11ad3d7084f3c4f5c5c511682dcdf39857d
  languageName: node
  linkType: hard

"typanion@npm:^3.3.1":
  version: 3.4.1
  resolution: "typanion@npm:3.4.1"
  checksum: 10a8df0e6e1f25eccfafc5e4e4a2f7ea98e674b8c9a62ed89348faf2cd0c7106d2a2212f56e44d62a164aa101a83e1c43f272e0ab32f81e2d8e3f6680bb1ca15
  languageName: node
  linkType: hard

typescript@4.2:
  version: 4.2.4
  resolution: "typescript@npm:4.2.4"
  bin:
    tsc: bin/tsc
    tsserver: bin/tsserver
  checksum: cf0d3ed1271028f314d22c592662a395a7dbe30c65d1f8a9199656b0a99e7e5463c5f00776e4f7359d7f46eb7b54c6bb6e9f6bf8cd1574ddb4ad570937482362
  languageName: node
  linkType: hard

"typescript@patch:typescript@4.2#builtin<compat/typescript>":
  version: 4.2.4
  resolution: "typescript@patch:typescript@npm%3A4.2.4#builtin<compat/typescript>::version=4.2.4&hash=226bd1"
  bin:
    tsc: bin/tsc
    tsserver: bin/tsserver
  checksum: 3cabf76697a32427b66a7163c972d01a2e955a8f2c1e31f1be521f0a92c3cb954fb65732be21fc12e249f8f13e064808ea2605228203bc346b4be67c9b815c5d
  languageName: node
  linkType: hard

"which@npm:^2.0.1":
  version: 2.0.2
  resolution: "which@npm:2.0.2"
  dependencies:
    isexe: ^2.0.0
  bin:
    node-which: ./bin/node-which
  checksum: de4ba341f6f2e70ac599323e299969e5a0bda825837e830a7dff14847fa3d67cb72daebae00e68e82ee7837d753635ee504eb615cd3b75e5e9578106bc02ac2f
  languageName: node
  linkType: hard

"wrappy@npm:1":
  version: 1.0.2
  resolution: "wrappy@npm:1.0.2"
  checksum: 0796da084f06bced2351fed9686a7211f4a4b774a7a3b64c7ead1b3bef162b1721f2a1d3fb1268bf2e848c9d743eca189c2a243159a1512d5dfab4b0d4dd60b5
  languageName: node
  linkType: hard

"yallist@npm:^4.0.0":
  version: 4.0.0
  resolution: "yallist@npm:4.0.0"
  checksum: 97c419cf6355bd852fd51930d3376e95e1cced2667ce880bda28b6139da3b181cdd06c541c94e16a226665ab4b9eba9872008d61cb852dadee7c230dd50b4166
  languageName: node
  linkType: hard

"yn@npm:3.1.1":
  version: 3.1.1
  resolution: "yn@npm:3.1.1"
  checksum: e06491e44f4f86b1ff20cb1105ae34c7a72fbf0128eb88210f40744ae70812dc2225553edc3b180ac820529e3da1446abff51f687717ae2878dd5ab060c7df1f
  languageName: node
  linkType: hard
